
Microsoft Visual Studio Solution File, Format Version 12.00
# Visual Studio Version 17
VisualStudioVersion = 17.6.33801.468
MinimumVisualStudioVersion = 10.0.40219.1
Project("{8BC9CEB8-8B4A-11D0-8D11-00A0C91BC942}") = "AdressLibrary", "AdressLibrary.vcxproj", "{14A94A92-474F-4653-923C-C4A511E335DB}"
EndProject
Global
	GlobalSection(SolutionConfigurationPlatforms) = preSolution
		Debug|x64 = Debug|x64
		Release|x64 = Release|x64
	EndGlobalSection
	GlobalSection(ProjectConfigurationPlatforms) = postSolution
		{14A94A92-474F-4653-923C-C4A511E335DB}.Debug|x64.ActiveCfg = Debug|x64
		{14A94A92-474F-4653-923C-C4A511E335DB}.Debug|x64.Build.0 = Debug|x64
		{14A94A92-474F-4653-923C-C4A511E335DB}.Release|x64.ActiveCfg = Release|x64
		{14A94A92-474F-4653-923C-C4A511E335DB}.Release|x64.Build.0 = Release|x64
	EndGlobalSection
	GlobalSection(SolutionProperties) = preSolution
		HideSolutionNode = FALSE
	EndGlobalSection
	GlobalSection(ExtensibilityGlobals) = postSolution
		SolutionGuid = {1FAD6B36-6212-406F-B358-099630B09F4F}
	EndGlobalSection
EndGlobal
